# This file is automatically @generated by Cargo.
# It is not intended for manual editing.
[[package]]
name = "dragnit"
version = "0.1.0"
source = "registry+https://github.com/rust-lang/crates.io-index"

[[package]]
name = "dragnit-cli"
version = "0.1.0"
dependencies = [
 "dragnit 0.1.0 (registry+https://github.com/rust-lang/crates.io-index)",
]

[metadata]
"checksum dragnit 0.1.0 (registry+https://github.com/rust-lang/crates.io-index)" = "b2b8df70bc917b78462e43eb3391f8fe5bf4a0411d12188b89f88e39c5d9e3df"
